
Microsoft Visual Studio Solution File, Format Version 12.00
# Visual Studio Version 17
VisualStudioVersion = 17.3.32922.545
MinimumVisualStudioVersion = 10.0.40219.1
Project("{FAE04EC0-301F-11D3-BF4B-00C04F79EFBC}") = "maintenancetest", "maintenancetest.csproj", "{DCB31ED6-31AC-4F56-9962-913D48A10944}"
EndProject
Global
	GlobalSection(SolutionConfigurationPlatforms) = preSolution
		Debug|Any CPU = Debug|Any CPU
		Release|Any CPU = Release|Any CPU
	EndGlobalSection
	GlobalSection(ProjectConfigurationPlatforms) = postSolution
		{DCB31ED6-31AC-4F56-9962-913D48A10944}.Debug|Any CPU.ActiveCfg = Debug|Any CPU
		{DCB31ED6-31AC-4F56-9962-913D48A10944}.Debug|Any CPU.Build.0 = Debug|Any CPU
		{DCB31ED6-31AC-4F56-9962-913D48A10944}.Release|Any CPU.ActiveCfg = Release|Any CPU
		{DCB31ED6-31AC-4F56-9962-913D48A10944}.Release|Any CPU.Build.0 = Release|Any CPU
	EndGlobalSection
	GlobalSection(SolutionProperties) = preSolution
		HideSolutionNode = FALSE
	EndGlobalSection
	GlobalSection(ExtensibilityGlobals) = postSolution
		SolutionGuid = {52C5C024-7BD7-4EC4-873C-F7A8B0EEE7EB}
	EndGlobalSection
EndGlobal
